
Microsoft Visual Studio Solution File, Format Version 12.00
# Visual Studio Version 17
VisualStudioVersion = 17.7.34031.279
MinimumVisualStudioVersion = 10.0.40219.1
Project("{FAE04EC0-301F-11D3-BF4B-00C04F79EFBC}") = "Datos.cs", "Datos.cs\Datos.cs.csproj", "{1A34AC2C-CB6A-46F3-B1AC-0E90BC5EA521}"
EndProject
Project("{FAE04EC0-301F-11D3-BF4B-00C04F79EFBC}") = "Entidades.cs", "Entidades.cs\Entidades.cs.csproj", "{EB6F9408-BE06-4FCE-B392-272EE7A442D0}"
EndProject
Project("{FAE04EC0-301F-11D3-BF4B-00C04F79EFBC}") = "Negocios.cs", "Negocios.cs\Negocios.cs.csproj", "{7137A2D3-0457-459A-A90C-BF3254FB0854}"
EndProject
Project("{FAE04EC0-301F-11D3-BF4B-00C04F79EFBC}") = "Presentacion", "Presentacion\Presentacion.csproj", "{7EA6D1A3-2E17-49E8-9DE9-56D61AB314BD}"
EndProject
Global
	GlobalSection(SolutionConfigurationPlatforms) = preSolution
		Debug|Any CPU = Debug|Any CPU
		Release|Any CPU = Release|Any CPU
	EndGlobalSection
	GlobalSection(ProjectConfigurationPlatforms) = postSolution
		{1A34AC2C-CB6A-46F3-B1AC-0E90BC5EA521}.Debug|Any CPU.ActiveCfg = Debug|Any CPU
		{1A34AC2C-CB6A-46F3-B1AC-0E90BC5EA521}.Debug|Any CPU.Build.0 = Debug|Any CPU
		{1A34AC2C-CB6A-46F3-B1AC-0E90BC5EA521}.Release|Any CPU.ActiveCfg = Release|Any CPU
		{1A34AC2C-CB6A-46F3-B1AC-0E90BC5EA521}.Release|Any CPU.Build.0 = Release|Any CPU
		{EB6F9408-BE06-4FCE-B392-272EE7A442D0}.Debug|Any CPU.ActiveCfg = Debug|Any CPU
		{EB6F9408-BE06-4FCE-B392-272EE7A442D0}.Debug|Any CPU.Build.0 = Debug|Any CPU
		{EB6F9408-BE06-4FCE-B392-272EE7A442D0}.Release|Any CPU.ActiveCfg = Release|Any CPU
		{EB6F9408-BE06-4FCE-B392-272EE7A442D0}.Release|Any CPU.Build.0 = Release|Any CPU
		{7137A2D3-0457-459A-A90C-BF3254FB0854}.Debug|Any CPU.ActiveCfg = Debug|Any CPU
		{7137A2D3-0457-459A-A90C-BF3254FB0854}.Debug|Any CPU.Build.0 = Debug|Any CPU
		{7137A2D3-0457-459A-A90C-BF3254FB0854}.Release|Any CPU.ActiveCfg = Release|Any CPU
		{7137A2D3-0457-459A-A90C-BF3254FB0854}.Release|Any CPU.Build.0 = Release|Any CPU
		{7EA6D1A3-2E17-49E8-9DE9-56D61AB314BD}.Debug|Any CPU.ActiveCfg = Debug|Any CPU
		{7EA6D1A3-2E17-49E8-9DE9-56D61AB314BD}.Debug|Any CPU.Build.0 = Debug|Any CPU
		{7EA6D1A3-2E17-49E8-9DE9-56D61AB314BD}.Release|Any CPU.ActiveCfg = Release|Any CPU
		{7EA6D1A3-2E17-49E8-9DE9-56D61AB314BD}.Release|Any CPU.Build.0 = Release|Any CPU
	EndGlobalSection
	GlobalSection(SolutionProperties) = preSolution
		HideSolutionNode = FALSE
	EndGlobalSection
	GlobalSection(ExtensibilityGlobals) = postSolution
		SolutionGuid = {122799D2-6E63-4661-AF82-86C3A0DA9771}
	EndGlobalSection
EndGlobal
